{
    "name": "metal-lerna-jest-resolver",
    "version": "1.0.0",
    "lockfileVersion": 1,
    "dependencies": {
        "path-parse": {
            "version": "1.0.5",
            "resolved": "https://registry.npmjs.org/path-parse/-/path-parse-1.0.5.tgz",
            "integrity": "sha1-PBrfhx6pzWyUMbbqK9dKD/BVxME="
        },
        "resolve": {
            "version": "1.3.3",
            "resolved": "https://registry.npmjs.org/resolve/-/resolve-1.3.3.tgz",
            "integrity": "sha1-ZVkHw0aahoDcLeOidaj91paR8OU="
        }
    }
}
